// !$*UTF8*$!
{
	archiveVersion = 1;
	classes = {
	};
	objectVersion = 50;
	objects = {

/* Begin PBXBuildFile section */
		CEAB4B1320D509EE00A66777 /* AppDelegate.swift in Sources */ = {isa = PBXBuildFile; fileRef = CEAB4B1220D509EE00A66777 /* AppDelegate.swift */; };
		CEAB4B1520D509EE00A66777 /* ViewController.swift in Sources */ = {isa = PBXBuildFile; fileRef = CEAB4B1420D509EE00A66777 /* ViewController.swift */; };
		CEAB4B1820D509EE00A66777 /* Main.storyboard in Resources */ = {isa = PBXBuildFile; fileRef = CEAB4B1620D509EE00A66777 /* Main.storyboard */; };
		CEAB4B1A20D509EF00A66777 /* Assets.xcassets in Resources */ = {isa = PBXBuildFile; fileRef = CEAB4B1920D509EF00A66777 /* Assets.xcassets */; };
		CEAB4B1D20D509EF00A66777 /* LaunchScreen.storyboard in Resources */ = {isa = PBXBuildFile; fileRef = CEAB4B1B20D509EF00A66777 /* LaunchScreen.storyboard */; };
		CEAB4B2820D509EF00A66777 /* hemnetTests.swift in Sources */ = {isa = PBXBuildFile; fileRef = CEAB4B2720D509EF00A66777 /* hemnetTests.swift */; };
		CEAB4B3620D50AF700A66777 /* Listings.swift in Sources */ = {isa = PBXBuildFile; fileRef = CEAB4B3520D50AF700A66777 /* Listings.swift */; };
		CEAB4B3A20D5158100A66777 /* SDWebImage.framework in Frameworks */ = {isa = PBXBuildFile; fileRef = CEAB4B3920D5158100A66777 /* SDWebImage.framework */; };
/* End PBXBuildFile section */

/* Begin PBXContainerItemProxy section */
		CEAB4B2420D509EF00A66777 /* PBXContainerItemProxy */ = {
			isa = PBXContainerItemProxy;
			containerPortal = CEAB4B0720D509EE00A66777 /* Project object */;
			proxyType = 1;
			remoteGlobalIDString = CEAB4B0E20D509EE00A66777;
			remoteInfo = hemnet;
		};
/* End PBXContainerItemProxy section */

/* Begin PBXFileReference section */
		CEAB4B0F20D509EE00A66777 /* hemnet.app */ = {isa = PBXFileReference; explicitFileType = wrapper.application; includeInIndex = 0; path = hemnet.app; sourceTree = BUILT_PRODUCTS_DIR; };
		CEAB4B1220D509EE00A66777 /* AppDelegate.swift */ = {isa = PBXFileReference; lastKnownFileType = sourcecode.swift; path = AppDelegate.swift; sourceTree = "<group>"; };
		CEAB4B1420D509EE00A66777 /* ViewController.swift */ = {isa = PBXFileReference; lastKnownFileType = sourcecode.swift; path = ViewController.swift; sourceTree = "<group>"; };
		CEAB4B1720D509EE00A66777 /* Base */ = {isa = PBXFileReference; lastKnownFileType = file.storyboard; name = Base; path = Base.lproj/Main.storyboard; sourceTree = "<group>"; };
		CEAB4B1920D509EF00A66777 /* Assets.xcassets */ = {isa = PBXFileReference; lastKnownFileType = folder.assetcatalog; path = Assets.xcassets; sourceTree = "<group>"; };
		CEAB4B1C20D509EF00A66777 /* Base */ = {isa = PBXFileReference; lastKnownFileType = file.storyboard; name = Base; path = Base.lproj/LaunchScreen.storyboard; sourceTree = "<group>"; };
		CEAB4B1E20D509EF00A66777 /* Info.plist */ = {isa = PBXFileReference; lastKnownFileType = text.plist.xml; path = Info.plist; sourceTree = "<group>"; };
		CEAB4B2320D509EF00A66777 /* hemnetTests.xctest */ = {isa = PBXFileReference; explicitFileType = wrapper.cfbundle; includeInIndex = 0; path = hemnetTests.xctest; sourceTree = BUILT_PRODUCTS_DIR; };
		CEAB4B2720D509EF00A66777 /* hemnetTests.swift */ = {isa = PBXFileReference; lastKnownFileType = sourcecode.swift; path = hemnetTests.swift; sourceTree = "<group>"; };
		CEAB4B2920D509F000A66777 /* Info.plist */ = {isa = PBXFileReference; lastKnownFileType = text.plist.xml; path = Info.plist; sourceTree = "<group>"; };
		CEAB4B3520D50AF700A66777 /* Listings.swift */ = {isa = PBXFileReference; lastKnownFileType = sourcecode.swift; path = Listings.swift; sourceTree = "<group>"; };
		CEAB4B3920D5158100A66777 /* SDWebImage.framework */ = {isa = PBXFileReference; lastKnownFileType = wrapper.framework; name = SDWebImage.framework; path = Carthage/Build/iOS/SDWebImage.framework; sourceTree = "<group>"; };
/* End PBXFileReference section */

/* Begin PBXFrameworksBuildPhase section */
		CEAB4B0C20D509EE00A66777 /* Frameworks */ = {
			isa = PBXFrameworksBuildPhase;
			buildActionMask = 2147483647;
			files = (
				CEAB4B3A20D5158100A66777 /* SDWebImage.framework in Frameworks */,
			);
			runOnlyForDeploymentPostprocessing = 0;
		};
		CEAB4B2020D509EF00A66777 /* Frameworks */ = {
			isa = PBXFrameworksBuildPhase;
			buildActionMask = 2147483647;
			files = (
			);
			runOnlyForDeploymentPostprocessing = 0;
		};
/* End PBXFrameworksBuildPhase section */

/* Begin PBXGroup section */
		CEAB4B0620D509EE00A66777 = {
			isa = PBXGroup;
			children = (
				CEAB4B1120D509EE00A66777 /* hemnet */,
				CEAB4B2620D509EF00A66777 /* hemnetTests */,
				CEAB4B1020D509EE00A66777 /* Products */,
				CEAB4B3820D5158100A66777 /* Frameworks */,
			);
			sourceTree = "<group>";
		};
		CEAB4B1020D509EE00A66777 /* Products */ = {
			isa = PBXGroup;
			children = (
				CEAB4B0F20D509EE00A66777 /* hemnet.app */,
				CEAB4B2320D509EF00A66777 /* hemnetTests.xctest */,
			);
			name = Products;
			sourceTree = "<group>";
		};
		CEAB4B1120D509EE00A66777 /* hemnet */ = {
			isa = PBXGroup;
			children = (
				CEAB4B3320D50A5900A66777 /* src */,
				CEAB4B1920D509EF00A66777 /* Assets.xcassets */,
				CEAB4B1E20D509EF00A66777 /* Info.plist */,
			);
			path = hemnet;
			sourceTree = "<group>";
		};
		CEAB4B2620D509EF00A66777 /* hemnetTests */ = {
			isa = PBXGroup;
			children = (
				CEAB4B2720D509EF00A66777 /* hemnetTests.swift */,
				CEAB4B2920D509F000A66777 /* Info.plist */,
			);
			path = hemnetTests;
			sourceTree = "<group>";
		};
		CEAB4B3220D50A5000A66777 /* VC */ = {
			isa = PBXGroup;
			children = (
				CEAB4B1420D509EE00A66777 /* ViewController.swift */,
			);
			path = VC;
			sourceTree = "<group>";
		};
		CEAB4B3320D50A5900A66777 /* src */ = {
			isa = PBXGroup;
			children = (
				CEAB4B1220D509EE00A66777 /* AppDelegate.swift */,
				CEAB4B3720D50AFD00A66777 /* Model */,
				CEAB4B3420D50A6100A66777 /* Storyboard */,
				CEAB4B3220D50A5000A66777 /* VC */,
			);
			path = src;
			sourceTree = "<group>";
		};
		CEAB4B3420D50A6100A66777 /* Storyboard */ = {
			isa = PBXGroup;
			children = (
				CEAB4B1B20D509EF00A66777 /* LaunchScreen.storyboard */,
				CEAB4B1620D509EE00A66777 /* Main.storyboard */,
			);
			path = Storyboard;
			sourceTree = "<group>";
		};
		CEAB4B3720D50AFD00A66777 /* Model */ = {
			isa = PBXGroup;
			children = (
				CEAB4B3520D50AF700A66777 /* Listings.swift */,
			);
			path = Model;
			sourceTree = "<group>";
		};
		CEAB4B3820D5158100A66777 /* Frameworks */ = {
			isa = PBXGroup;
			children = (
				CEAB4B3920D5158100A66777 /* SDWebImage.framework */,
			);
			name = Frameworks;
			sourceTree = "<group>";
		};
/* End PBXGroup section */

/* Begin PBXNativeTarget section */
		CEAB4B0E20D509EE00A66777 /* hemnet */ = {
			isa = PBXNativeTarget;
			buildConfigurationList = CEAB4B2C20D509F000A66777 /* Build configuration list for PBXNativeTarget "hemnet" */;
			buildPhases = (
				CEAB4B0B20D509EE00A66777 /* Sources */,
				CEAB4B0C20D509EE00A66777 /* Frameworks */,
				CEAB4B0D20D509EE00A66777 /* Resources */,
				CEAB4B3B20D515A400A66777 /* carthage */,
			);
			buildRules = (
			);
			dependencies = (
			);
			name = hemnet;
			productName = hemnet;
			productReference = CEAB4B0F20D509EE00A66777 /* hemnet.app */;
			productType = "com.apple.product-type.application";
		};
		CEAB4B2220D509EF00A66777 /* hemnetTests */ = {
			isa = PBXNativeTarget;
			buildConfigurationList = CEAB4B2F20D509F000A66777 /* Build configuration list for PBXNativeTarget "hemnetTests" */;
			buildPhases = (
				CEAB4B1F20D509EF00A66777 /* Sources */,
				CEAB4B2020D509EF00A66777 /* Frameworks */,
				CEAB4B2120D509EF00A66777 /* Resources */,
			);
			buildRules = (
			);
			dependencies = (
				CEAB4B2520D509EF00A66777 /* PBXTargetDependency */,
			);
			name = hemnetTests;
			productName = hemnetTests;
			productReference = CEAB4B2320D509EF00A66777 /* hemnetTests.xctest */;
			productType = "com.apple.product-type.bundle.unit-test";
		};
/* End PBXNativeTarget section */

/* Begin PBXProject section */
		CEAB4B0720D509EE00A66777 /* Project object */ = {
			isa = PBXProject;
			attributes = {
				LastSwiftUpdateCheck = 0940;
				LastUpgradeCheck = 0940;
				ORGANIZATIONNAME = "Christopher Lössl";
				TargetAttributes = {
					CEAB4B0E20D509EE00A66777 = {
						CreatedOnToolsVersion = 9.4.1;
					};
					CEAB4B2220D509EF00A66777 = {
						CreatedOnToolsVersion = 9.4.1;
						TestTargetID = CEAB4B0E20D509EE00A66777;
					};
				};
			};
			buildConfigurationList = CEAB4B0A20D509EE00A66777 /* Build configuration list for PBXProject "hemnet" */;
			compatibilityVersion = "Xcode 9.3";
			developmentRegion = en;
			hasScannedForEncodings = 0;
			knownRegions = (
				en,
				Base,
			);
			mainGroup = CEAB4B0620D509EE00A66777;
			productRefGroup = CEAB4B1020D509EE00A66777 /* Products */;
			projectDirPath = "";
			projectRoot = "";
			targets = (
				CEAB4B0E20D509EE00A66777 /* hemnet */,
				CEAB4B2220D509EF00A66777 /* hemnetTests */,
			);
		};
/* End PBXProject section */

/* Begin PBXResourcesBuildPhase section */
		CEAB4B0D20D509EE00A66777 /* Resources */ = {
			isa = PBXResourcesBuildPhase;
			buildActionMask = 2147483647;
			files = (
				CEAB4B1D20D509EF00A66777 /* LaunchScreen.storyboard in Resources */,
				CEAB4B1A20D509EF00A66777 /* Assets.xcassets in Resources */,
				CEAB4B1820D509EE00A66777 /* Main.storyboard in Resources */,
			);
			runOnlyForDeploymentPostprocessing = 0;
		};
		CEAB4B2120D509EF00A66777 /* Resources */ = {
			isa = PBXResourcesBuildPhase;
			buildActionMask = 2147483647;
			files = (
			);
			runOnlyForDeploymentPostprocessing = 0;
		};
/* End PBXResourcesBuildPhase section */

/* Begin PBXShellScriptBuildPhase section */
		CEAB4B3B20D515A400A66777 /* carthage */ = {
			isa = PBXShellScriptBuildPhase;
			buildActionMask = 2147483647;
			files = (
			);
			inputPaths = (
				"$(SRCROOT)/Carthage/Build/iOS/SDWebImage.framework",
			);
			name = carthage;
			outputPaths = (
				"$(BUILT_PRODUCTS_DIR)/$(FRAMEWORKS_FOLDER_PATH)/SDWebImage.framework",
			);
			runOnlyForDeploymentPostprocessing = 0;
			shellPath = /bin/sh;
			shellScript = "/usr/local/bin/carthage copy-frameworks";
		};
/* End PBXShellScriptBuildPhase section */

/* Begin PBXSourcesBuildPhase section */
		CEAB4B0B20D509EE00A66777 /* Sources */ = {
			isa = PBXSourcesBuildPhase;
			buildActionMask = 2147483647;
			files = (
				CEAB4B1520D509EE00A66777 /* ViewController.swift in Sources */,
				CEAB4B3620D50AF700A66777 /* Listings.swift in Sources */,
				CEAB4B1320D509EE00A66777 /* AppDelegate.swift in Sources */,
			);
			runOnlyForDeploymentPostprocessing = 0;
		};
		CEAB4B1F20D509EF00A66777 /* Sources */ = {
			isa = PBXSourcesBuildPhase;
			buildActionMask = 2147483647;
			files = (
				CEAB4B2820D509EF00A66777 /* hemnetTests.swift in Sources */,
			);
			runOnlyForDeploymentPostprocessing = 0;
		};
/* End PBXSourcesBuildPhase section */

/* Begin PBXTargetDependency section */
		CEAB4B2520D509EF00A66777 /* PBXTargetDependency */ = {
			isa = PBXTargetDependency;
			target = CEAB4B0E20D509EE00A66777 /* hemnet */;
			targetProxy = CEAB4B2420D509EF00A66777 /* PBXContainerItemProxy */;
		};
/* End PBXTargetDependency section */

/* Begin PBXVariantGroup section */
		CEAB4B1620D509EE00A66777 /* Main.storyboard */ = {
			isa = PBXVariantGroup;
			children = (
				CEAB4B1720D509EE00A66777 /* Base */,
			);
			name = Main.storyboard;
			sourceTree = "<group>";
		};
		CEAB4B1B20D509EF00A66777 /* LaunchScreen.storyboard */ = {
			isa = PBXVariantGroup;
			children = (
				CEAB4B1C20D509EF00A66777 /* Base */,
			);
			name = LaunchScreen.storyboard;
			sourceTree = "<group>";
		};
/* End PBXVariantGroup section */

/* Begin XCBuildConfiguration section */
		CEAB4B2A20D509F000A66777 /* Debug */ = {
			isa = XCBuildConfiguration;
			buildSettings = {
				ALWAYS_SEARCH_USER_PATHS = NO;
				CLANG_ANALYZER_NONNULL = YES;
				CLANG_ANALYZER_NUMBER_OBJECT_CONVERSION = YES_AGGRESSIVE;
				CLANG_CXX_LANGUAGE_STANDARD = "gnu++14";
				CLANG_CXX_LIBRARY = "libc++";
				CLANG_ENABLE_MODULES = YES;
				CLANG_ENABLE_OBJC_ARC = YES;
				CLANG_ENABLE_OBJC_WEAK = YES;
				CLANG_WARN_BLOCK_CAPTURE_AUTORELEASING = YES;
				CLANG_WARN_BOOL_CONVERSION = YES;
				CLANG_WARN_COMMA = YES;
				CLANG_WARN_CONSTANT_CONVERSION = YES;
				CLANG_WARN_DEPRECATED_OBJC_IMPLEMENTATIONS = YES;
				CLANG_WARN_DIRECT_OBJC_ISA_USAGE = YES_ERROR;
				CLANG_WARN_DOCUMENTATION_COMMENTS = YES;
				CLANG_WARN_EMPTY_BODY = YES;
				CLANG_WARN_ENUM_CONVERSION = YES;
				CLANG_WARN_INFINITE_RECURSION = YES;
				CLANG_WARN_INT_CONVERSION = YES;
				CLANG_WARN_NON_LITERAL_NULL_CONVERSION = YES;
				CLANG_WARN_OBJC_IMPLICIT_RETAIN_SELF = YES;
				CLANG_WARN_OBJC_LITERAL_CONVERSION = YES;
				CLANG_WARN_OBJC_ROOT_CLASS = YES_ERROR;
				CLANG_WARN_RANGE_LOOP_ANALYSIS = YES;
				CLANG_WARN_STRICT_PROTOTYPES = YES;
				CLANG_WARN_SUSPICIOUS_MOVE = YES;
				CLANG_WARN_UNGUARDED_AVAILABILITY = YES_AGGRESSIVE;
				CLANG_WARN_UNREACHABLE_CODE = YES;
				CLANG_WARN__DUPLICATE_METHOD_MATCH = YES;
				CODE_SIGN_IDENTITY = "iPhone Developer";
				COPY_PHASE_STRIP = NO;
				DEBUG_INFORMATION_FORMAT = dwarf;
				ENABLE_STRICT_OBJC_MSGSEND = YES;
				ENABLE_TESTABILITY = YES;
				GCC_C_LANGUAGE_STANDARD = gnu11;
				GCC_DYNAMIC_NO_PIC = NO;
				GCC_NO_COMMON_BLOCKS = YES;
				GCC_OPTIMIZATION_LEVEL = 0;
				GCC_PREPROCESSOR_DEFINITIONS = (
					"DEBUG=1",
					"$(inherited)",
				);
				GCC_WARN_64_TO_32_BIT_CONVERSION = YES;
				GCC_WARN_ABOUT_RETURN_TYPE = YES_ERROR;
				GCC_WARN_UNDECLARED_SELECTOR = YES;
				GCC_WARN_UNINITIALIZED_AUTOS = YES_AGGRESSIVE;
				GCC_WARN_UNUSED_FUNCTION = YES;
				GCC_WARN_UNUSED_VARIABLE = YES;
				IPHONEOS_DEPLOYMENT_TARGET = 11.4;
				MTL_ENABLE_DEBUG_INFO = YES;
				ONLY_ACTIVE_ARCH = YES;
				SDKROOT = iphoneos;
				SWIFT_ACTIVE_COMPILATION_CONDITIONS = DEBUG;
				SWIFT_OPTIMIZATION_LEVEL = "-Onone";
			};
			name = Debug;
		};
		CEAB4B2B20D509F000A66777 /* Release */ = {
			isa = XCBuildConfiguration;
			buildSettings = {
				ALWAYS_SEARCH_USER_PATHS = NO;
				CLANG_ANALYZER_NONNULL = YES;
				CLANG_ANALYZER_NUMBER_OBJECT_CONVERSION = YES_AGGRESSIVE;
				CLANG_CXX_LANGUAGE_STANDARD = "gnu++14";
				CLANG_CXX_LIBRARY = "libc++";
				CLANG_ENABLE_MODULES = YES;
				CLANG_ENABLE_OBJC_ARC = YES;
				CLANG_ENABLE_OBJC_WEAK = YES;
				CLANG_WARN_BLOCK_CAPTURE_AUTORELEASING = YES;
				CLANG_WARN_BOOL_CONVERSION = YES;
				CLANG_WARN_COMMA = YES;
				CLANG_WARN_CONSTANT_CONVERSION = YES;
				CLANG_WARN_DEPRECATED_OBJC_IMPLEMENTATIONS = YES;
				CLANG_WARN_DIRECT_OBJC_ISA_USAGE = YES_ERROR;
				CLANG_WARN_DOCUMENTATION_COMMENTS = YES;
				CLANG_WARN_EMPTY_BODY = YES;
				CLANG_WARN_ENUM_CONVERSION = YES;
				CLANG_WARN_INFINITE_RECURSION = YES;
				CLANG_WARN_INT_CONVERSION = YES;
				CLANG_WARN_NON_LITERAL_NULL_CONVERSION = YES;
				CLANG_WARN_OBJC_IMPLICIT_RETAIN_SELF = YES;
				CLANG_WARN_OBJC_LITERAL_CONVERSION = YES;
				CLANG_WARN_OBJC_ROOT_CLASS = YES_ERROR;
				CLANG_WARN_RANGE_LOOP_ANALYSIS = YES;
				CLANG_WARN_STRICT_PROTOTYPES = YES;
				CLANG_WARN_SUSPICIOUS_MOVE = YES;
				CLANG_WARN_UNGUARDED_AVAILABILITY = YES_AGGRESSIVE;
				CLANG_WARN_UNREACHABLE_CODE = YES;
				CLANG_WARN__DUPLICATE_METHOD_MATCH = YES;
				CODE_SIGN_IDENTITY = "iPhone Developer";
				COPY_PHASE_STRIP = NO;
				DEBUG_INFORMATION_FORMAT = "dwarf-with-dsym";
				ENABLE_NS_ASSERTIONS = NO;
				ENABLE_STRICT_OBJC_MSGSEND = YES;
				GCC_C_LANGUAGE_STANDARD = gnu11;
				GCC_NO_COMMON_BLOCKS = YES;
				GCC_WARN_64_TO_32_BIT_CONVERSION = YES;
				GCC_WARN_ABOUT_RETURN_TYPE = YES_ERROR;
				GCC_WARN_UNDECLARED_SELECTOR = YES;
				GCC_WARN_UNINITIALIZED_AUTOS = YES_AGGRESSIVE;
				GCC_WARN_UNUSED_FUNCTION = YES;
				GCC_WARN_UNUSED_VARIABLE = YES;
				IPHONEOS_DEPLOYMENT_TARGET = 11.4;
				MTL_ENABLE_DEBUG_INFO = NO;
				SDKROOT = iphoneos;
				SWIFT_COMPILATION_MODE = wholemodule;
				SWIFT_OPTIMIZATION_LEVEL = "-O";
				VALIDATE_PRODUCT = YES;
			};
			name = Release;
		};
		CEAB4B2D20D509F000A66777 /* Debug */ = {
			isa = XCBuildConfiguration;
			buildSettings = {
				ASSETCATALOG_COMPILER_APPICON_NAME = AppIcon;
				CODE_SIGN_STYLE = Automatic;
				DEVELOPMENT_TEAM = X8GFX23QE8;
				FRAMEWORK_SEARCH_PATHS = (
					"$(inherited)",
					"$(PROJECT_DIR)/Carthage/Build/iOS",
				);
				INFOPLIST_FILE = hemnet/Info.plist;
				IPHONEOS_DEPLOYMENT_TARGET = 9.0;
				LD_RUNPATH_SEARCH_PATHS = (
					"$(inherited)",
					"@executable_path/Frameworks",
				);
				PRODUCT_BUNDLE_IDENTIFIER = org.loessl.hemnet;
				PRODUCT_NAME = "$(TARGET_NAME)";
				SWIFT_VERSION = 4.0;
				TARGETED_DEVICE_FAMILY = "1,2";
			};
			name = Debug;
		};
		CEAB4B2E20D509F000A66777 /* Release */ = {
			isa = XCBuildConfiguration;
			buildSettings = {
				ASSETCATALOG_COMPILER_APPICON_NAME = AppIcon;
				CODE_SIGN_STYLE = Automatic;
				DEVELOPMENT_TEAM = X8GFX23QE8;
				FRAMEWORK_SEARCH_PATHS = (
					"$(inherited)",
					"$(PROJECT_DIR)/Carthage/Build/iOS",
				);
				INFOPLIST_FILE = hemnet/Info.plist;
				IPHONEOS_DEPLOYMENT_TARGET = 9.0;
				LD_RUNPATH_SEARCH_PATHS = (
					"$(inherited)",
					"@executable_path/Frameworks",
				);
				PRODUCT_BUNDLE_IDENTIFIER = org.loessl.hemnet;
				PRODUCT_NAME = "$(TARGET_NAME)";
				SWIFT_VERSION = 4.0;
				TARGETED_DEVICE_FAMILY = "1,2";
			};
			name = Release;
		};
		CEAB4B3020D509F000A66777 /* Debug */ = {
			isa = XCBuildConfiguration;
			buildSettings = {
				ALWAYS_EMBED_SWIFT_STANDARD_LIBRARIES = YES;
				BUNDLE_LOADER = "$(TEST_HOST)";
				CODE_SIGN_STYLE = Automatic;
				DEVELOPMENT_TEAM = X8GFX23QE8;
				INFOPLIST_FILE = hemnetTests/Info.plist;
				LD_RUNPATH_SEARCH_PATHS = (
					"$(inherited)",
					"@executable_path/Frameworks",
					"@loader_path/Frameworks",
				);
				PRODUCT_BUNDLE_IDENTIFIER = org.loessl.hemnetTests;
				PRODUCT_NAME = "$(TARGET_NAME)";
				SWIFT_VERSION = 4.0;
				TARGETED_DEVICE_FAMILY = "1,2";
				TEST_HOST = "$(BUILT_PRODUCTS_DIR)/hemnet.app/hemnet";
			};
			name = Debug;
		};
		CEAB4B3120D509F000A66777 /* Release */ = {
			isa = XCBuildConfiguration;
			buildSettings = {
				ALWAYS_EMBED_SWIFT_STANDARD_LIBRARIES = YES;
				BUNDLE_LOADER = "$(TEST_HOST)";
				CODE_SIGN_STYLE = Automatic;
				DEVELOPMENT_TEAM = X8GFX23QE8;
				INFOPLIST_FILE = hemnetTests/Info.plist;
				LD_RUNPATH_SEARCH_PATHS = (
					"$(inherited)",
					"@executable_path/Frameworks",
					"@loader_path/Frameworks",
				);
				PRODUCT_BUNDLE_IDENTIFIER = org.loessl.hemnetTests;
				PRODUCT_NAME = "$(TARGET_NAME)";
				SWIFT_VERSION = 4.0;
				TARGETED_DEVICE_FAMILY = "1,2";
				TEST_HOST = "$(BUILT_PRODUCTS_DIR)/hemnet.app/hemnet";
			};
			name = Release;
		};
/* End XCBuildConfiguration section */

/* Begin XCConfigurationList section */
		CEAB4B0A20D509EE00A66777 /* Build configuration list for PBXProject "hemnet" */ = {
			isa = XCConfigurationList;
			buildConfigurations = (
				CEAB4B2A20D509F000A66777 /* Debug */,
				CEAB4B2B20D509F000A66777 /* Release */,
			);
			defaultConfigurationIsVisible = 0;
			defaultConfigurationName = Release;
		};
		CEAB4B2C20D509F000A66777 /* Build configuration list for PBXNativeTarget "hemnet" */ = {
			isa = XCConfigurationList;
			buildConfigurations = (
				CEAB4B2D20D509F000A66777 /* Debug */,
				CEAB4B2E20D509F000A66777 /* Release */,
			);
			defaultConfigurationIsVisible = 0;
			defaultConfigurationName = Release;
		};
		CEAB4B2F20D509F000A66777 /* Build configuration list for PBXNativeTarget "hemnetTests" */ = {
			isa = XCConfigurationList;
			buildConfigurations = (
				CEAB4B3020D509F000A66777 /* Debug */,
				CEAB4B3120D509F000A66777 /* Release */,
			);
			defaultConfigurationIsVisible = 0;
			defaultConfigurationName = Release;
		};
/* End XCConfigurationList section */
	};
	rootObject = CEAB4B0720D509EE00A66777 /* Project object */;
}
